
Microsoft Visual Studio Solution File, Format Version 12.00
# Visual Studio Version 17
VisualStudioVersion = 17.8.34511.84
MinimumVisualStudioVersion = 10.0.40219.1
Project("{9A19103F-16F7-4668-BE54-9A1E7A4F7556}") = "QuizApp.Data", "QuizApp.Data\QuizApp.Data.csproj", "{DCC4DD34-C9D6-4861-9C37-F2DAA5F248D6}"
EndProject
Project("{9A19103F-16F7-4668-BE54-9A1E7A4F7556}") = "QuizApp.Business", "QuizApp.Business\QuizApp.Business.csproj", "{CA516C1D-6B7D-48B2-A633-A9CB293A0345}"
EndProject
Project("{9A19103F-16F7-4668-BE54-9A1E7A4F7556}") = "QuizApp.UnitTesting", "QuizApp.UnitTesting\QuizApp.UnitTesting.csproj", "{C479391C-D05C-4B74-A806-B54B084B005B}"
EndProject
Project("{9A19103F-16F7-4668-BE54-9A1E7A4F7556}") = "QuizApp.WebAPI", "QuizApp.WebAPI\QuizApp.WebAPI.csproj", "{E9D4DB99-3F96-47DD-BCB6-42E52669DAE1}"
EndProject
Global
	GlobalSection(SolutionConfigurationPlatforms) = preSolution
		Debug|Any CPU = Debug|Any CPU
		Release|Any CPU = Release|Any CPU
	EndGlobalSection
	GlobalSection(ProjectConfigurationPlatforms) = postSolution
		{DCC4DD34-C9D6-4861-9C37-F2DAA5F248D6}.Debug|Any CPU.ActiveCfg = Debug|Any CPU
		{DCC4DD34-C9D6-4861-9C37-F2DAA5F248D6}.Debug|Any CPU.Build.0 = Debug|Any CPU
		{DCC4DD34-C9D6-4861-9C37-F2DAA5F248D6}.Release|Any CPU.ActiveCfg = Release|Any CPU
		{DCC4DD34-C9D6-4861-9C37-F2DAA5F248D6}.Release|Any CPU.Build.0 = Release|Any CPU
		{CA516C1D-6B7D-48B2-A633-A9CB293A0345}.Debug|Any CPU.ActiveCfg = Debug|Any CPU
		{CA516C1D-6B7D-48B2-A633-A9CB293A0345}.Debug|Any CPU.Build.0 = Debug|Any CPU
		{CA516C1D-6B7D-48B2-A633-A9CB293A0345}.Release|Any CPU.ActiveCfg = Release|Any CPU
		{CA516C1D-6B7D-48B2-A633-A9CB293A0345}.Release|Any CPU.Build.0 = Release|Any CPU
		{C479391C-D05C-4B74-A806-B54B084B005B}.Debug|Any CPU.ActiveCfg = Debug|Any CPU
		{C479391C-D05C-4B74-A806-B54B084B005B}.Debug|Any CPU.Build.0 = Debug|Any CPU
		{C479391C-D05C-4B74-A806-B54B084B005B}.Release|Any CPU.ActiveCfg = Release|Any CPU
		{C479391C-D05C-4B74-A806-B54B084B005B}.Release|Any CPU.Build.0 = Release|Any CPU
		{E9D4DB99-3F96-47DD-BCB6-42E52669DAE1}.Debug|Any CPU.ActiveCfg = Debug|Any CPU
		{E9D4DB99-3F96-47DD-BCB6-42E52669DAE1}.Debug|Any CPU.Build.0 = Debug|Any CPU
		{E9D4DB99-3F96-47DD-BCB6-42E52669DAE1}.Release|Any CPU.ActiveCfg = Release|Any CPU
		{E9D4DB99-3F96-47DD-BCB6-42E52669DAE1}.Release|Any CPU.Build.0 = Release|Any CPU
	EndGlobalSection
	GlobalSection(SolutionProperties) = preSolution
		HideSolutionNode = FALSE
	EndGlobalSection
	GlobalSection(ExtensibilityGlobals) = postSolution
		SolutionGuid = {1CF38633-5739-4519-9291-07D2C7138055}
	EndGlobalSection
EndGlobal
