
Microsoft Visual Studio Solution File, Format Version 12.00
# Visual Studio Version 17
VisualStudioVersion = 17.8.34330.188
MinimumVisualStudioVersion = 10.0.40219.1
Project("{FAE04EC0-301F-11D3-BF4B-00C04F79EFBC}") = "WebBlog.Data", "WebBlog.Data\WebBlog.Data.csproj", "{98EF9F42-3433-47C1-A35C-6866157F17D8}"
EndProject
Project("{FAE04EC0-301F-11D3-BF4B-00C04F79EFBC}") = "WebBlog.WebAPI", "WebBlog.WebAPI\WebBlog.WebAPI.csproj", "{4C3F515A-D97B-4CC6-AD5E-EDE92991C6AC}"
EndProject
Project("{FAE04EC0-301F-11D3-BF4B-00C04F79EFBC}") = "WebBlog.Business", "WebBlog.Business\WebBlog.Business.csproj", "{02E6E837-D549-4841-9DF4-41FE69FB0B2A}"
EndProject
Global
	GlobalSection(SolutionConfigurationPlatforms) = preSolution
		Debug|Any CPU = Debug|Any CPU
		Release|Any CPU = Release|Any CPU
	EndGlobalSection
	GlobalSection(ProjectConfigurationPlatforms) = postSolution
		{98EF9F42-3433-47C1-A35C-6866157F17D8}.Debug|Any CPU.ActiveCfg = Debug|Any CPU
		{98EF9F42-3433-47C1-A35C-6866157F17D8}.Debug|Any CPU.Build.0 = Debug|Any CPU
		{98EF9F42-3433-47C1-A35C-6866157F17D8}.Release|Any CPU.ActiveCfg = Release|Any CPU
		{98EF9F42-3433-47C1-A35C-6866157F17D8}.Release|Any CPU.Build.0 = Release|Any CPU
		{4C3F515A-D97B-4CC6-AD5E-EDE92991C6AC}.Debug|Any CPU.ActiveCfg = Debug|Any CPU
		{4C3F515A-D97B-4CC6-AD5E-EDE92991C6AC}.Debug|Any CPU.Build.0 = Debug|Any CPU
		{4C3F515A-D97B-4CC6-AD5E-EDE92991C6AC}.Release|Any CPU.ActiveCfg = Release|Any CPU
		{4C3F515A-D97B-4CC6-AD5E-EDE92991C6AC}.Release|Any CPU.Build.0 = Release|Any CPU
		{02E6E837-D549-4841-9DF4-41FE69FB0B2A}.Debug|Any CPU.ActiveCfg = Debug|Any CPU
		{02E6E837-D549-4841-9DF4-41FE69FB0B2A}.Debug|Any CPU.Build.0 = Debug|Any CPU
		{02E6E837-D549-4841-9DF4-41FE69FB0B2A}.Release|Any CPU.ActiveCfg = Release|Any CPU
		{02E6E837-D549-4841-9DF4-41FE69FB0B2A}.Release|Any CPU.Build.0 = Release|Any CPU
	EndGlobalSection
	GlobalSection(SolutionProperties) = preSolution
		HideSolutionNode = FALSE
	EndGlobalSection
	GlobalSection(ExtensibilityGlobals) = postSolution
		SolutionGuid = {A5A8A9E5-55E0-4E45-A024-3AB48D8DB75D}
	EndGlobalSection
EndGlobal
